
Microsoft Visual Studio Solution File, Format Version 12.00
# Visual Studio Version 17
VisualStudioVersion = 17.3.32811.315
MinimumVisualStudioVersion = 10.0.40219.1
Project("{FAE04EC0-301F-11D3-BF4B-00C04F79EFBC}") = "ejercicio clase", "ejercicio clase\ejercicio clase.csproj", "{F5345DBA-F71D-4B83-8FA1-DA63401464D6}"
EndProject
Global
	GlobalSection(SolutionConfigurationPlatforms) = preSolution
		Debug|Any CPU = Debug|Any CPU
		Release|Any CPU = Release|Any CPU
	EndGlobalSection
	GlobalSection(ProjectConfigurationPlatforms) = postSolution
		{F5345DBA-F71D-4B83-8FA1-DA63401464D6}.Debug|Any CPU.ActiveCfg = Debug|Any CPU
		{F5345DBA-F71D-4B83-8FA1-DA63401464D6}.Debug|Any CPU.Build.0 = Debug|Any CPU
		{F5345DBA-F71D-4B83-8FA1-DA63401464D6}.Release|Any CPU.ActiveCfg = Release|Any CPU
		{F5345DBA-F71D-4B83-8FA1-DA63401464D6}.Release|Any CPU.Build.0 = Release|Any CPU
	EndGlobalSection
	GlobalSection(SolutionProperties) = preSolution
		HideSolutionNode = FALSE
	EndGlobalSection
	GlobalSection(ExtensibilityGlobals) = postSolution
		SolutionGuid = {A0465783-F20F-4826-B227-B1A913AD0684}
	EndGlobalSection
EndGlobal
